
Microsoft Visual Studio Solution File, Format Version 12.00
# Visual Studio 2017
Project("{FAE04EC0-301F-11D3-BF4B-00C04F79EFBC}") = "cenote", "cenote.csproj", "{DD33FE94-DC88-0C60-E747-DDF6B583914E}"
EndProject
Global
	GlobalSection(SolutionConfigurationPlatforms) = preSolution
		Debug|Any CPU = Debug|Any CPU
		Release|Any CPU = Release|Any CPU
	EndGlobalSection
	GlobalSection(ProjectConfigurationPlatforms) = postSolution
		{DD33FE94-DC88-0C60-E747-DDF6B583914E}.Debug|Any CPU.ActiveCfg = Debug|Any CPU
		{DD33FE94-DC88-0C60-E747-DDF6B583914E}.Debug|Any CPU.Build.0 = Debug|Any CPU
		{DD33FE94-DC88-0C60-E747-DDF6B583914E}.Release|Any CPU.ActiveCfg = Release|Any CPU
		{DD33FE94-DC88-0C60-E747-DDF6B583914E}.Release|Any CPU.Build.0 = Release|Any CPU
	EndGlobalSection
	GlobalSection(SolutionProperties) = preSolution
		HideSolutionNode = FALSE
	EndGlobalSection
EndGlobal
